
Microsoft Visual Studio Solution File, Format Version 12.00
# Visual Studio Version 16
VisualStudioVersion = 16.0.31321.278
MinimumVisualStudioVersion = 10.0.40219.1
Project("{FAE04EC0-301F-11D3-BF4B-00C04F79EFBC}") = "Exercise2_C", "Exercise2_C\Exercise2_C.csproj", "{D21FB81E-0332-404C-A4B6-323490D50648}"
EndProject
Global
	GlobalSection(SolutionConfigurationPlatforms) = preSolution
		Debug|Any CPU = Debug|Any CPU
		Release|Any CPU = Release|Any CPU
	EndGlobalSection
	GlobalSection(ProjectConfigurationPlatforms) = postSolution
		{D21FB81E-0332-404C-A4B6-323490D50648}.Debug|Any CPU.ActiveCfg = Debug|Any CPU
		{D21FB81E-0332-404C-A4B6-323490D50648}.Debug|Any CPU.Build.0 = Debug|Any CPU
		{D21FB81E-0332-404C-A4B6-323490D50648}.Release|Any CPU.ActiveCfg = Release|Any CPU
		{D21FB81E-0332-404C-A4B6-323490D50648}.Release|Any CPU.Build.0 = Release|Any CPU
	EndGlobalSection
	GlobalSection(SolutionProperties) = preSolution
		HideSolutionNode = FALSE
	EndGlobalSection
	GlobalSection(ExtensibilityGlobals) = postSolution
		SolutionGuid = {95C8B614-7430-4575-A258-60462D2B99E2}
	EndGlobalSection
EndGlobal
